
Microsoft Visual Studio Solution File, Format Version 12.00
# Visual Studio Version 16
VisualStudioVersion = 16.0.31205.134
MinimumVisualStudioVersion = 10.0.40219.1
Project("{FAE04EC0-301F-11D3-BF4B-00C04F79EFBC}") = "CFarma_TemplateN", "CFarma_TemplateN.csproj", "{37ADE38D-AE6C-4DF1-AFCA-E66918EB269A}"
EndProject
Global
	GlobalSection(SolutionConfigurationPlatforms) = preSolution
		Debug|Any CPU = Debug|Any CPU
		Release|Any CPU = Release|Any CPU
	EndGlobalSection
	GlobalSection(ProjectConfigurationPlatforms) = postSolution
		{37ADE38D-AE6C-4DF1-AFCA-E66918EB269A}.Debug|Any CPU.ActiveCfg = Debug|Any CPU
		{37ADE38D-AE6C-4DF1-AFCA-E66918EB269A}.Debug|Any CPU.Build.0 = Debug|Any CPU
		{37ADE38D-AE6C-4DF1-AFCA-E66918EB269A}.Release|Any CPU.ActiveCfg = Release|Any CPU
		{37ADE38D-AE6C-4DF1-AFCA-E66918EB269A}.Release|Any CPU.Build.0 = Release|Any CPU
	EndGlobalSection
	GlobalSection(SolutionProperties) = preSolution
		HideSolutionNode = FALSE
	EndGlobalSection
	GlobalSection(ExtensibilityGlobals) = postSolution
		SolutionGuid = {7E7CA0D4-169F-43DC-A436-7DBC9A3C85D5}
	EndGlobalSection
EndGlobal
